
Microsoft Visual Studio Solution File, Format Version 12.00
# Visual Studio 15
VisualStudioVersion = 15.0.28307.1022
MinimumVisualStudioVersion = 10.0.40219.1
Project("{9A19103F-16F7-4668-BE54-9A1E7A4F7556}") = "DisplayManager", "DisplayManager.csproj", "{8091EBBA-52C9-403D-8DFC-6E62E7626015}"
EndProject
Global
	GlobalSection(SolutionConfigurationPlatforms) = preSolution
		Debug|Any CPU = Debug|Any CPU
		Release|Any CPU = Release|Any CPU
	EndGlobalSection
	GlobalSection(ProjectConfigurationPlatforms) = postSolution
		{8091EBBA-52C9-403D-8DFC-6E62E7626015}.Debug|Any CPU.ActiveCfg = Debug|Any CPU
		{8091EBBA-52C9-403D-8DFC-6E62E7626015}.Debug|Any CPU.Build.0 = Debug|Any CPU
		{8091EBBA-52C9-403D-8DFC-6E62E7626015}.Release|Any CPU.ActiveCfg = Release|Any CPU
		{8091EBBA-52C9-403D-8DFC-6E62E7626015}.Release|Any CPU.Build.0 = Release|Any CPU
	EndGlobalSection
	GlobalSection(SolutionProperties) = preSolution
		HideSolutionNode = FALSE
	EndGlobalSection
	GlobalSection(ExtensibilityGlobals) = postSolution
		SolutionGuid = {2FF80D54-D5BD-4466-8CA0-E426B6CA2A29}
	EndGlobalSection
EndGlobal
